Microsoft Visual Studio Solution File, Format Version 12.00
# Visual Studio Version 17
VisualStudioVersion = 17.5.2.0
MinimumVisualStudioVersion = 10.0.40219.1
Project("{FAE04EC0-301F-11D3-BF4B-00C04F79EFBC}") = "MauiVideoApp", "MauiVideoApp.csproj", "{BADC83AB-1834-158B-7C53-23CDB8232FE6}"
EndProject
Global
	GlobalSection(SolutionConfigurationPlatforms) = preSolution
		Debug|Any CPU = Debug|Any CPU
		Release|Any CPU = Release|Any CPU
	EndGlobalSection
	GlobalSection(ProjectConfigurationPlatforms) = postSolution
		{BADC83AB-1834-158B-7C53-23CDB8232FE6}.Debug|Any CPU.ActiveCfg = Debug|Any CPU
		{BADC83AB-1834-158B-7C53-23CDB8232FE6}.Debug|Any CPU.Build.0 = Debug|Any CPU
		{BADC83AB-1834-158B-7C53-23CDB8232FE6}.Release|Any CPU.ActiveCfg = Release|Any CPU
		{BADC83AB-1834-158B-7C53-23CDB8232FE6}.Release|Any CPU.Build.0 = Release|Any CPU
	EndGlobalSection
	GlobalSection(SolutionProperties) = preSolution
		HideSolutionNode = FALSE
	EndGlobalSection
	GlobalSection(ExtensibilityGlobals) = postSolution
		SolutionGuid = {80C9B97F-1012-4C8F-A93B-2B3096C2B124}
	EndGlobalSection
EndGlobal
